
Microsoft Visual Studio Solution File, Format Version 12.00
Project("{FAE04EC0-301F-11D3-BF4B-00C04F79EFBC}") = "NoCap.WebApi", "NoCap.WebApi\NoCap.WebApi.csproj", "{2328B159-76FA-4D09-AEAA-8726A341A0FA}"
EndProject
Project("{FAE04EC0-301F-11D3-BF4B-00C04F79EFBC}") = "NoCap.Common", "NoCap.Common\NoCap.Common.csproj", "{6A0F6F85-77C3-4CA6-8C44-0ED34DB2201C}"
EndProject
Project("{FAE04EC0-301F-11D3-BF4B-00C04F79EFBC}") = "NoCap.Model", "NoCap.Model\NoCap.Model.csproj", "{159AE093-3718-421B-AA6A-0C2ADF9BA8CB}"
EndProject
Global
	GlobalSection(SolutionConfigurationPlatforms) = preSolution
		Debug|Any CPU = Debug|Any CPU
		Release|Any CPU = Release|Any CPU
	EndGlobalSection
	GlobalSection(ProjectConfigurationPlatforms) = postSolution
		{2328B159-76FA-4D09-AEAA-8726A341A0FA}.Debug|Any CPU.ActiveCfg = Debug|Any CPU
		{2328B159-76FA-4D09-AEAA-8726A341A0FA}.Debug|Any CPU.Build.0 = Debug|Any CPU
		{2328B159-76FA-4D09-AEAA-8726A341A0FA}.Release|Any CPU.ActiveCfg = Release|Any CPU
		{2328B159-76FA-4D09-AEAA-8726A341A0FA}.Release|Any CPU.Build.0 = Release|Any CPU
		{6A0F6F85-77C3-4CA6-8C44-0ED34DB2201C}.Debug|Any CPU.ActiveCfg = Debug|Any CPU
		{6A0F6F85-77C3-4CA6-8C44-0ED34DB2201C}.Debug|Any CPU.Build.0 = Debug|Any CPU
		{6A0F6F85-77C3-4CA6-8C44-0ED34DB2201C}.Release|Any CPU.ActiveCfg = Release|Any CPU
		{6A0F6F85-77C3-4CA6-8C44-0ED34DB2201C}.Release|Any CPU.Build.0 = Release|Any CPU
		{159AE093-3718-421B-AA6A-0C2ADF9BA8CB}.Debug|Any CPU.ActiveCfg = Debug|Any CPU
		{159AE093-3718-421B-AA6A-0C2ADF9BA8CB}.Debug|Any CPU.Build.0 = Debug|Any CPU
		{159AE093-3718-421B-AA6A-0C2ADF9BA8CB}.Release|Any CPU.ActiveCfg = Release|Any CPU
		{159AE093-3718-421B-AA6A-0C2ADF9BA8CB}.Release|Any CPU.Build.0 = Release|Any CPU
	EndGlobalSection
EndGlobal
